
Microsoft Visual Studio Solution File, Format Version 12.00
# Visual Studio Version 17
VisualStudioVersion = 17.8.34004.107
MinimumVisualStudioVersion = 10.0.40219.1
Project("{2150E333-8FDC-42A3-9474-1A3956D46DE8}") = "Samples", "Samples", "{3693AD86-4115-4F13-A6D1-9AC2ABD6F77A}"
EndProject
Project("{9A19103F-16F7-4668-BE54-9A1E7A4F7556}") = "YouTubeSearchSample", "..\Sample\YouTubeSearch\YouTubeSearchSample.csproj", "{8670603D-FA22-4C37-B8F9-0D526E96A27A}"
EndProject
Project("{9A19103F-16F7-4668-BE54-9A1E7A4F7556}") = "AzureAI.Community.Microsoft.Semantic.Kernel.PlugIn.Web.YouTube", "AzureAI.Community.Microsoft.Semantic.Kernel.PlugIn.Web.YouTube\AzureAI.Community.Microsoft.Semantic.Kernel.PlugIn.Web.YouTube.csproj", "{A556EDAA-AD6A-4C2C-89DB-069648189B07}"
EndProject
Project("{9A19103F-16F7-4668-BE54-9A1E7A4F7556}") = "AzureAI.Community.Microsoft.Semantic.Kernel.Speech", "AzureAI.Community.Microsoft.Semantic.Kernel.Speech\AzureAI.Community.Microsoft.Semantic.Kernel.Speech.csproj", "{9864B293-45E3-4885-A072-1C48C96EFBAC}"
EndProject
Project("{9A19103F-16F7-4668-BE54-9A1E7A4F7556}") = "AzureAI.Community.Microsoft.Semantic.Kernel.Translation", "AzureAI.Community.Microsoft.Semantic.Kernel.Translation\AzureAI.Community.Microsoft.Semantic.Kernel.Translation.csproj", "{C7F4009C-49F3-412E-8138-9365BB5DB27F}"
EndProject
Project("{9A19103F-16F7-4668-BE54-9A1E7A4F7556}") = "AzureAI.Community.Microsoft.Semantic.Kernel.PlugIn.Intent", "AzureAI.Community.Microsoft.Semantic.Kernel.PlugIn.Intent\AzureAI.Community.Microsoft.Semantic.Kernel.PlugIn.Intent.csproj", "{1985BD58-E415-455F-B9B9-632A74544D01}"
EndProject
Project("{9A19103F-16F7-4668-BE54-9A1E7A4F7556}") = "AzureAI.Community.Microsoft.Semantic.Kernel.PlugIn.Web.Bing", "AzureAI.Community.Microsoft.Semantic.Kernel.PlugIn.Web.Bing\AzureAI.Community.Microsoft.Semantic.Kernel.PlugIn.Web.Bing.csproj", "{175203F8-F44A-4874-9CEE-C307D9018F06}"
EndProject
Project("{9A19103F-16F7-4668-BE54-9A1E7A4F7556}") = "BingSearchSample", "..\Sample\BingSearchSample\BingSearchSample.csproj", "{6B4CE26F-9A8F-4CF7-82FD-59662BC1F0AF}"
EndProject
Project("{9A19103F-16F7-4668-BE54-9A1E7A4F7556}") = "AzureAI.Community.Microsoft.Semantic.Kernel.PlugIn.Web.BingMap", "AzureAI.Community.Microsoft.Semantic.Kernel.PlugIn.BingMap\AzureAI.Community.Microsoft.Semantic.Kernel.PlugIn.Web.BingMap.csproj", "{7B2108D9-61D4-4C28-BBC3-0842E536B23D}"
EndProject
Project("{9A19103F-16F7-4668-BE54-9A1E7A4F7556}") = "Google.GMailConnector", "Google.GMailConnector\Google.GMailConnector.csproj", "{0DA49646-328A-49EC-84F2-3DAACE3D0F63}"
EndProject
Project("{FAE04EC0-301F-11D3-BF4B-00C04F79EFBC}") = "BingMapSample", "..\Sample\BingMapSample\BingMapSample.csproj", "{0CF13826-BFB1-4FB3-9710-26B317F3E3A0}"
EndProject
Global
	GlobalSection(SolutionConfigurationPlatforms) = preSolution
		Debug|Any CPU = Debug|Any CPU
		Release|Any CPU = Release|Any CPU
	EndGlobalSection
	GlobalSection(ProjectConfigurationPlatforms) = postSolution
		{8670603D-FA22-4C37-B8F9-0D526E96A27A}.Debug|Any CPU.ActiveCfg = Debug|Any CPU
		{8670603D-FA22-4C37-B8F9-0D526E96A27A}.Debug|Any CPU.Build.0 = Debug|Any CPU
		{8670603D-FA22-4C37-B8F9-0D526E96A27A}.Release|Any CPU.ActiveCfg = Release|Any CPU
		{8670603D-FA22-4C37-B8F9-0D526E96A27A}.Release|Any CPU.Build.0 = Release|Any CPU
		{A556EDAA-AD6A-4C2C-89DB-069648189B07}.Debug|Any CPU.ActiveCfg = Debug|Any CPU
		{A556EDAA-AD6A-4C2C-89DB-069648189B07}.Debug|Any CPU.Build.0 = Debug|Any CPU
		{A556EDAA-AD6A-4C2C-89DB-069648189B07}.Release|Any CPU.ActiveCfg = Release|Any CPU
		{A556EDAA-AD6A-4C2C-89DB-069648189B07}.Release|Any CPU.Build.0 = Release|Any CPU
		{9864B293-45E3-4885-A072-1C48C96EFBAC}.Debug|Any CPU.ActiveCfg = Debug|Any CPU
		{9864B293-45E3-4885-A072-1C48C96EFBAC}.Debug|Any CPU.Build.0 = Debug|Any CPU
		{9864B293-45E3-4885-A072-1C48C96EFBAC}.Release|Any CPU.ActiveCfg = Release|Any CPU
		{9864B293-45E3-4885-A072-1C48C96EFBAC}.Release|Any CPU.Build.0 = Release|Any CPU
		{C7F4009C-49F3-412E-8138-9365BB5DB27F}.Debug|Any CPU.ActiveCfg = Debug|Any CPU
		{C7F4009C-49F3-412E-8138-9365BB5DB27F}.Debug|Any CPU.Build.0 = Debug|Any CPU
		{C7F4009C-49F3-412E-8138-9365BB5DB27F}.Release|Any CPU.ActiveCfg = Release|Any CPU
		{C7F4009C-49F3-412E-8138-9365BB5DB27F}.Release|Any CPU.Build.0 = Release|Any CPU
		{1985BD58-E415-455F-B9B9-632A74544D01}.Debug|Any CPU.ActiveCfg = Debug|Any CPU
		{1985BD58-E415-455F-B9B9-632A74544D01}.Debug|Any CPU.Build.0 = Debug|Any CPU
		{1985BD58-E415-455F-B9B9-632A74544D01}.Release|Any CPU.ActiveCfg = Release|Any CPU
		{1985BD58-E415-455F-B9B9-632A74544D01}.Release|Any CPU.Build.0 = Release|Any CPU
		{175203F8-F44A-4874-9CEE-C307D9018F06}.Debug|Any CPU.ActiveCfg = Debug|Any CPU
		{175203F8-F44A-4874-9CEE-C307D9018F06}.Debug|Any CPU.Build.0 = Debug|Any CPU
		{175203F8-F44A-4874-9CEE-C307D9018F06}.Release|Any CPU.ActiveCfg = Release|Any CPU
		{175203F8-F44A-4874-9CEE-C307D9018F06}.Release|Any CPU.Build.0 = Release|Any CPU
		{6B4CE26F-9A8F-4CF7-82FD-59662BC1F0AF}.Debug|Any CPU.ActiveCfg = Debug|Any CPU
		{6B4CE26F-9A8F-4CF7-82FD-59662BC1F0AF}.Debug|Any CPU.Build.0 = Debug|Any CPU
		{6B4CE26F-9A8F-4CF7-82FD-59662BC1F0AF}.Release|Any CPU.ActiveCfg = Release|Any CPU
		{6B4CE26F-9A8F-4CF7-82FD-59662BC1F0AF}.Release|Any CPU.Build.0 = Release|Any CPU
		{7B2108D9-61D4-4C28-BBC3-0842E536B23D}.Debug|Any CPU.ActiveCfg = Debug|Any CPU
		{7B2108D9-61D4-4C28-BBC3-0842E536B23D}.Debug|Any CPU.Build.0 = Debug|Any CPU
		{7B2108D9-61D4-4C28-BBC3-0842E536B23D}.Release|Any CPU.ActiveCfg = Release|Any CPU
		{7B2108D9-61D4-4C28-BBC3-0842E536B23D}.Release|Any CPU.Build.0 = Release|Any CPU
		{0DA49646-328A-49EC-84F2-3DAACE3D0F63}.Debug|Any CPU.ActiveCfg = Debug|Any CPU
		{0DA49646-328A-49EC-84F2-3DAACE3D0F63}.Debug|Any CPU.Build.0 = Debug|Any CPU
		{0DA49646-328A-49EC-84F2-3DAACE3D0F63}.Release|Any CPU.ActiveCfg = Release|Any CPU
		{0DA49646-328A-49EC-84F2-3DAACE3D0F63}.Release|Any CPU.Build.0 = Release|Any CPU
		{0CF13826-BFB1-4FB3-9710-26B317F3E3A0}.Debug|Any CPU.ActiveCfg = Debug|Any CPU
		{0CF13826-BFB1-4FB3-9710-26B317F3E3A0}.Debug|Any CPU.Build.0 = Debug|Any CPU
		{0CF13826-BFB1-4FB3-9710-26B317F3E3A0}.Release|Any CPU.ActiveCfg = Release|Any CPU
		{0CF13826-BFB1-4FB3-9710-26B317F3E3A0}.Release|Any CPU.Build.0 = Release|Any CPU
	EndGlobalSection
	GlobalSection(SolutionProperties) = preSolution
		HideSolutionNode = FALSE
	EndGlobalSection
	GlobalSection(NestedProjects) = preSolution
		{8670603D-FA22-4C37-B8F9-0D526E96A27A} = {3693AD86-4115-4F13-A6D1-9AC2ABD6F77A}
		{6B4CE26F-9A8F-4CF7-82FD-59662BC1F0AF} = {3693AD86-4115-4F13-A6D1-9AC2ABD6F77A}
		{0CF13826-BFB1-4FB3-9710-26B317F3E3A0} = {3693AD86-4115-4F13-A6D1-9AC2ABD6F77A}
	EndGlobalSection
	GlobalSection(ExtensibilityGlobals) = postSolution
		SolutionGuid = {8F41C162-7944-49E9-AEC4-E94855C6A214}
	EndGlobalSection
EndGlobal
